// !$*UTF8*$!
{
	archiveVersion = 1;
	classes = {
	};
	objectVersion = 46;
	objects = {

/* Begin PBXBuildFile section */
		0333D68384E7835E11920788 /* libPods-UCSDAthleticsUITests.a in Frameworks */ = {isa = PBXBuildFile; fileRef = E43D370F115E1506D9170203 /* libPods-UCSDAthleticsUITests.a */; };
		701C20479F48327FEF617A17 /* libPods-UCSDAthletics.a in Frameworks */ = {isa = PBXBuildFile; fileRef = CCB29964638AA481BC23E8C7 /* libPods-UCSDAthletics.a */; };
		8322BB837BE30FFA046046AC /* libPods-UCSDAthleticsTests.a in Frameworks */ = {isa = PBXBuildFile; fileRef = 98BBF2F26A7E594A73063DB2 /* libPods-UCSDAthleticsTests.a */; };
		8C4BD04D1E112A830093D129 /* standingsViewController.m in Sources */ = {isa = PBXBuildFile; fileRef = 8C4BD04C1E112A830093D129 /* standingsViewController.m */; };
		8C4BD09B1E1365290093D129 /* sportViewController.m in Sources */ = {isa = PBXBuildFile; fileRef = 8C4BD09A1E1365290093D129 /* sportViewController.m */; };
		8C9C84DE1E0CCAEE0087FDA7 /* bioParser.m in Sources */ = {isa = PBXBuildFile; fileRef = 8C9C84DD1E0CCAEE0087FDA7 /* bioParser.m */; };
		8CAC0D611E139BFE00ED94D8 /* storyViewController.m in Sources */ = {isa = PBXBuildFile; fileRef = 8CAC0D601E139BFE00ED94D8 /* storyViewController.m */; };
		8CAC0D661E13A69A00ED94D8 /* HTMLNode.m in Sources */ = {isa = PBXBuildFile; fileRef = 8CAC0D631E13A69A00ED94D8 /* HTMLNode.m */; };
		8CAC0D671E13A69A00ED94D8 /* HTMLParser.m in Sources */ = {isa = PBXBuildFile; fileRef = 8CAC0D651E13A69A00ED94D8 /* HTMLParser.m */; };
		8CAC0D691E13ABBB00ED94D8 /* libxml2.tbd in Frameworks */ = {isa = PBXBuildFile; fileRef = 8CAC0D681E13ABBB00ED94D8 /* libxml2.tbd */; };
		8CE6BD771E0B59F2000D0CCE /* main.m in Sources */ = {isa = PBXBuildFile; fileRef = 8CE6BD761E0B59F2000D0CCE /* main.m */; };
		8CE6BD7A1E0B59F2000D0CCE /* AppDelegate.m in Sources */ = {isa = PBXBuildFile; fileRef = 8CE6BD791E0B59F2000D0CCE /* AppDelegate.m */; };
		8CE6BD7D1E0B59F2000D0CCE /* ViewController.m in Sources */ = {isa = PBXBuildFile; fileRef = 8CE6BD7C1E0B59F2000D0CCE /* ViewController.m */; };
		8CE6BD801E0B59F2000D0CCE /* Main.storyboard in Resources */ = {isa = PBXBuildFile; fileRef = 8CE6BD7E1E0B59F2000D0CCE /* Main.storyboard */; };
		8CE6BD821E0B59F2000D0CCE /* Assets.xcassets in Resources */ = {isa = PBXBuildFile; fileRef = 8CE6BD811E0B59F2000D0CCE /* Assets.xcassets */; };
		8CE6BD851E0B59F2000D0CCE /* LaunchScreen.storyboard in Resources */ = {isa = PBXBuildFile; fileRef = 8CE6BD831E0B59F2000D0CCE /* LaunchScreen.storyboard */; };
		8CE6BD901E0B59F2000D0CCE /* UCSDAthleticsTests.m in Sources */ = {isa = PBXBuildFile; fileRef = 8CE6BD8F1E0B59F2000D0CCE /* UCSDAthleticsTests.m */; };
		8CE6BD9B1E0B59F2000D0CCE /* UCSDAthleticsUITests.m in Sources */ = {isa = PBXBuildFile; fileRef = 8CE6BD9A1E0B59F2000D0CCE /* UCSDAthleticsUITests.m */; };
		8CE6BDBA1E0B88BC000D0CCE /* playerProfile.m in Sources */ = {isa = PBXBuildFile; fileRef = 8CE6BDB51E0B88BC000D0CCE /* playerProfile.m */; };
		8CE6BDBB1E0B88BC000D0CCE /* roster.m in Sources */ = {isa = PBXBuildFile; fileRef = 8CE6BDB71E0B88BC000D0CCE /* roster.m */; };
		8CE6BDBC1E0B88BC000D0CCE /* statsParser.m in Sources */ = {isa = PBXBuildFile; fileRef = 8CE6BDB91E0B88BC000D0CCE /* statsParser.m */; };
		8CE6BDC61E0B98C1000D0CCE /* playerProfileViewController.m in Sources */ = {isa = PBXBuildFile; fileRef = 8CE6BDC51E0B98C1000D0CCE /* playerProfileViewController.m */; };
		8CE6BDC91E0BBFBB000D0CCE /* rosterViewController.m in Sources */ = {isa = PBXBuildFile; fileRef = 8CE6BDC81E0BBFBB000D0CCE /* rosterViewController.m */; };
/* End PBXBuildFile section */

/* Begin PBXContainerItemProxy section */
		8CE6BD8C1E0B59F2000D0CCE /* PBXContainerItemProxy */ = {
			isa = PBXContainerItemProxy;
			containerPortal = 8CE6BD6A1E0B59F1000D0CCE /* Project object */;
			proxyType = 1;
			remoteGlobalIDString = 8CE6BD711E0B59F1000D0CCE;
			remoteInfo = UCSDAthletics;
		};
		8CE6BD971E0B59F2000D0CCE /* PBXContainerItemProxy */ = {
			isa = PBXContainerItemProxy;
			containerPortal = 8CE6BD6A1E0B59F1000D0CCE /* Project object */;
			proxyType = 1;
			remoteGlobalIDString = 8CE6BD711E0B59F1000D0CCE;
			remoteInfo = UCSDAthletics;
		};
/* End PBXContainerItemProxy section */

/* Begin PBXFileReference section */
		0C0B0608BC99FC7AA0710C0C /* Pods-UCSDAthleticsUITests.debug.xcconfig */ = {isa = PBXFileReference; includeInIndex = 1; lastKnownFileType = text.xcconfig; name = "Pods-UCSDAthleticsUITests.debug.xcconfig"; path = "Pods/Target Support Files/Pods-UCSDAthleticsUITests/Pods-UCSDAthleticsUITests.debug.xcconfig"; sourceTree = "<group>"; };
		449E51241A8E85C221B88D11 /* Pods-UCSDAthleticsTests.release.xcconfig */ = {isa = PBXFileReference; includeInIndex = 1; lastKnownFileType = text.xcconfig; name = "Pods-UCSDAthleticsTests.release.xcconfig"; path = "Pods/Target Support Files/Pods-UCSDAthleticsTests/Pods-UCSDAthleticsTests.release.xcconfig"; sourceTree = "<group>"; };
		72A9A6A0D532FDB8DE8FEC2F /* Pods-UCSDAthleticsTests.debug.xcconfig */ = {isa = PBXFileReference; includeInIndex = 1; lastKnownFileType = text.xcconfig; name = "Pods-UCSDAthleticsTests.debug.xcconfig"; path = "Pods/Target Support Files/Pods-UCSDAthleticsTests/Pods-UCSDAthleticsTests.debug.xcconfig"; sourceTree = "<group>"; };
		871D9E215394C762F72057A5 /* Pods-UCSDAthletics.debug.xcconfig */ = {isa = PBXFileReference; includeInIndex = 1; lastKnownFileType = text.xcconfig; name = "Pods-UCSDAthletics.debug.xcconfig"; path = "Pods/Target Support Files/Pods-UCSDAthletics/Pods-UCSDAthletics.debug.xcconfig"; sourceTree = "<group>"; };
		8C4BD04B1E112A830093D129 /* standingsViewController.h */ = {isa = PBXFileReference; fileEncoding = 4; lastKnownFileType = sourcecode.c.h; path = standingsViewController.h; sourceTree = "<group>"; };
		8C4BD04C1E112A830093D129 /* standingsViewController.m */ = {isa = PBXFileReference; fileEncoding = 4; lastKnownFileType = sourcecode.c.objc; path = standingsViewController.m; sourceTree = "<group>"; };
		8C4BD0991E1365290093D129 /* sportViewController.h */ = {isa = PBXFileReference; fileEncoding = 4; lastKnownFileType = sourcecode.c.h; path = sportViewController.h; sourceTree = "<group>"; };
		8C4BD09A1E1365290093D129 /* sportViewController.m */ = {isa = PBXFileReference; fileEncoding = 4; lastKnownFileType = sourcecode.c.objc; path = sportViewController.m; sourceTree = "<group>"; };
		8C9C84DC1E0CCAEE0087FDA7 /* bioParser.h */ = {isa = PBXFileReference; fileEncoding = 4; lastKnownFileType = sourcecode.c.h; name = bioParser.h; path = Parser/bioParser.h; sourceTree = "<group>"; };
		8C9C84DD1E0CCAEE0087FDA7 /* bioParser.m */ = {isa = PBXFileReference; fileEncoding = 4; lastKnownFileType = sourcecode.c.objc; name = bioParser.m; path = Parser/bioParser.m; sourceTree = "<group>"; };
		8CAC0D5F1E139BFE00ED94D8 /* storyViewController.h */ = {isa = PBXFileReference; fileEncoding = 4; lastKnownFileType = sourcecode.c.h; path = storyViewController.h; sourceTree = "<group>"; };
		8CAC0D601E139BFE00ED94D8 /* storyViewController.m */ = {isa = PBXFileReference; fileEncoding = 4; lastKnownFileType = sourcecode.c.objc; path = storyViewController.m; sourceTree = "<group>"; };
		8CAC0D621E13A69A00ED94D8 /* HTMLNode.h */ = {isa = PBXFileReference; fileEncoding = 4; lastKnownFileType = sourcecode.c.h; name = HTMLNode.h; path = Parser/HTMLNode.h; sourceTree = "<group>"; };
		8CAC0D631E13A69A00ED94D8 /* HTMLNode.m */ = {isa = PBXFileReference; fileEncoding = 4; lastKnownFileType = sourcecode.c.objc; name = HTMLNode.m; path = Parser/HTMLNode.m; sourceTree = "<group>"; };
		8CAC0D641E13A69A00ED94D8 /* HTMLParser.h */ = {isa = PBXFileReference; fileEncoding = 4; lastKnownFileType = sourcecode.c.h; name = HTMLParser.h; path = Parser/HTMLParser.h; sourceTree = "<group>"; };
		8CAC0D651E13A69A00ED94D8 /* HTMLParser.m */ = {isa = PBXFileReference; fileEncoding = 4; lastKnownFileType = sourcecode.c.objc; name = HTMLParser.m; path = Parser/HTMLParser.m; sourceTree = "<group>"; };
		8CAC0D681E13ABBB00ED94D8 /* libxml2.tbd */ = {isa = PBXFileReference; lastKnownFileType = "sourcecode.text-based-dylib-definition"; name = libxml2.tbd; path = usr/lib/libxml2.tbd; sourceTree = SDKROOT; };
		8CE6BD721E0B59F1000D0CCE /* UCSDAthletics.app */ = {isa = PBXFileReference; explicitFileType = wrapper.application; includeInIndex = 0; path = UCSDAthletics.app; sourceTree = BUILT_PRODUCTS_DIR; };
		8CE6BD761E0B59F2000D0CCE /* main.m */ = {isa = PBXFileReference; lastKnownFileType = sourcecode.c.objc; path = main.m; sourceTree = "<group>"; };
		8CE6BD781E0B59F2000D0CCE /* AppDelegate.h */ = {isa = PBXFileReference; lastKnownFileType = sourcecode.c.h; path = AppDelegate.h; sourceTree = "<group>"; };
		8CE6BD791E0B59F2000D0CCE /* AppDelegate.m */ = {isa = PBXFileReference; lastKnownFileType = sourcecode.c.objc; path = AppDelegate.m; sourceTree = "<group>"; };
		8CE6BD7B1E0B59F2000D0CCE /* ViewController.h */ = {isa = PBXFileReference; lastKnownFileType = sourcecode.c.h; path = ViewController.h; sourceTree = "<group>"; };
		8CE6BD7C1E0B59F2000D0CCE /* ViewController.m */ = {isa = PBXFileReference; lastKnownFileType = sourcecode.c.objc; path = ViewController.m; sourceTree = "<group>"; };
		8CE6BD7F1E0B59F2000D0CCE /* Base */ = {isa = PBXFileReference; lastKnownFileType = file.storyboard; name = Base; path = Base.lproj/Main.storyboard; sourceTree = "<group>"; };
		8CE6BD811E0B59F2000D0CCE /* Assets.xcassets */ = {isa = PBXFileReference; lastKnownFileType = folder.assetcatalog; path = Assets.xcassets; sourceTree = "<group>"; };
		8CE6BD841E0B59F2000D0CCE /* Base */ = {isa = PBXFileReference; lastKnownFileType = file.storyboard; name = Base; path = Base.lproj/LaunchScreen.storyboard; sourceTree = "<group>"; };
		8CE6BD861E0B59F2000D0CCE /* Info.plist */ = {isa = PBXFileReference; lastKnownFileType = text.plist.xml; path = Info.plist; sourceTree = "<group>"; };
		8CE6BD8B1E0B59F2000D0CCE /* UCSDAthleticsTests.xctest */ = {isa = PBXFileReference; explicitFileType = wrapper.cfbundle; includeInIndex = 0; path = UCSDAthleticsTests.xctest; sourceTree = BUILT_PRODUCTS_DIR; };
		8CE6BD8F1E0B59F2000D0CCE /* UCSDAthleticsTests.m */ = {isa = PBXFileReference; lastKnownFileType = sourcecode.c.objc; path = UCSDAthleticsTests.m; sourceTree = "<group>"; };
		8CE6BD911E0B59F2000D0CCE /* Info.plist */ = {isa = PBXFileReference; lastKnownFileType = text.plist.xml; path = Info.plist; sourceTree = "<group>"; };
		8CE6BD961E0B59F2000D0CCE /* UCSDAthleticsUITests.xctest */ = {isa = PBXFileReference; explicitFileType = wrapper.cfbundle; includeInIndex = 0; path = UCSDAthleticsUITests.xctest; sourceTree = BUILT_PRODUCTS_DIR; };
		8CE6BD9A1E0B59F2000D0CCE /* UCSDAthleticsUITests.m */ = {isa = PBXFileReference; lastKnownFileType = sourcecode.c.objc; path = UCSDAthleticsUITests.m; sourceTree = "<group>"; };
		8CE6BD9C1E0B59F2000D0CCE /* Info.plist */ = {isa = PBXFileReference; lastKnownFileType = text.plist.xml; path = Info.plist; sourceTree = "<group>"; };
		8CE6BDB41E0B88BC000D0CCE /* playerProfile.h */ = {isa = PBXFileReference; fileEncoding = 4; lastKnownFileType = sourcecode.c.h; name = playerProfile.h; path = Parser/playerProfile.h; sourceTree = "<group>"; };
		8CE6BDB51E0B88BC000D0CCE /* playerProfile.m */ = {isa = PBXFileReference; fileEncoding = 4; lastKnownFileType = sourcecode.c.objc; name = playerProfile.m; path = Parser/playerProfile.m; sourceTree = "<group>"; };
		8CE6BDB61E0B88BC000D0CCE /* roster.h */ = {isa = PBXFileReference; fileEncoding = 4; lastKnownFileType = sourcecode.c.h; name = roster.h; path = Parser/roster.h; sourceTree = "<group>"; };
		8CE6BDB71E0B88BC000D0CCE /* roster.m */ = {isa = PBXFileReference; fileEncoding = 4; lastKnownFileType = sourcecode.c.objc; name = roster.m; path = Parser/roster.m; sourceTree = "<group>"; };
		8CE6BDB81E0B88BC000D0CCE /* statsParser.h */ = {isa = PBXFileReference; fileEncoding = 4; lastKnownFileType = sourcecode.c.h; name = statsParser.h; path = Parser/statsParser.h; sourceTree = "<group>"; };
		8CE6BDB91E0B88BC000D0CCE /* statsParser.m */ = {isa = PBXFileReference; fileEncoding = 4; lastKnownFileType = sourcecode.c.objc; name = statsParser.m; path = Parser/statsParser.m; sourceTree = "<group>"; };
		8CE6BDC41E0B98C1000D0CCE /* playerProfileViewController.h */ = {isa = PBXFileReference; fileEncoding = 4; lastKnownFileType = sourcecode.c.h; path = playerProfileViewController.h; sourceTree = "<group>"; };
		8CE6BDC51E0B98C1000D0CCE /* playerProfileViewController.m */ = {isa = PBXFileReference; fileEncoding = 4; lastKnownFileType = sourcecode.c.objc; path = playerProfileViewController.m; sourceTree = "<group>"; };
		8CE6BDC71E0BBFBB000D0CCE /* rosterViewController.h */ = {isa = PBXFileReference; fileEncoding = 4; lastKnownFileType = sourcecode.c.h; path = rosterViewController.h; sourceTree = "<group>"; };
		8CE6BDC81E0BBFBB000D0CCE /* rosterViewController.m */ = {isa = PBXFileReference; fileEncoding = 4; lastKnownFileType = sourcecode.c.objc; path = rosterViewController.m; sourceTree = "<group>"; };
		8D681FC6043CA1B3B4A5CF84 /* Pods-UCSDAthleticsUITests.release.xcconfig */ = {isa = PBXFileReference; includeInIndex = 1; lastKnownFileType = text.xcconfig; name = "Pods-UCSDAthleticsUITests.release.xcconfig"; path = "Pods/Target Support Files/Pods-UCSDAthleticsUITests/Pods-UCSDAthleticsUITests.release.xcconfig"; sourceTree = "<group>"; };
		98BBF2F26A7E594A73063DB2 /* libPods-UCSDAthleticsTests.a */ = {isa = PBXFileReference; explicitFileType = archive.ar; includeInIndex = 0; path = "libPods-UCSDAthleticsTests.a"; sourceTree = BUILT_PRODUCTS_DIR; };
		A1C5E621BFF244DBF59A1B27 /* Pods-UCSDAthletics.release.xcconfig */ = {isa = PBXFileReference; includeInIndex = 1; lastKnownFileType = text.xcconfig; name = "Pods-UCSDAthletics.release.xcconfig"; path = "Pods/Target Support Files/Pods-UCSDAthletics/Pods-UCSDAthletics.release.xcconfig"; sourceTree = "<group>"; };
		CCB29964638AA481BC23E8C7 /* libPods-UCSDAthletics.a */ = {isa = PBXFileReference; explicitFileType = archive.ar; includeInIndex = 0; path = "libPods-UCSDAthletics.a"; sourceTree = BUILT_PRODUCTS_DIR; };
		E43D370F115E1506D9170203 /* libPods-UCSDAthleticsUITests.a */ = {isa = PBXFileReference; explicitFileType = archive.ar; includeInIndex = 0; path = "libPods-UCSDAthleticsUITests.a"; sourceTree = BUILT_PRODUCTS_DIR; };
/* End PBXFileReference section */

/* Begin PBXFrameworksBuildPhase section */
		8CE6BD6F1E0B59F1000D0CCE /* Frameworks */ = {
			isa = PBXFrameworksBuildPhase;
			buildActionMask = 2147483647;
			files = (
				8CAC0D691E13ABBB00ED94D8 /* libxml2.tbd in Frameworks */,
				701C20479F48327FEF617A17 /* libPods-UCSDAthletics.a in Frameworks */,
			);
			runOnlyForDeploymentPostprocessing = 0;
		};
		8CE6BD881E0B59F2000D0CCE /* Frameworks */ = {
			isa = PBXFrameworksBuildPhase;
			buildActionMask = 2147483647;
			files = (
				8322BB837BE30FFA046046AC /* libPods-UCSDAthleticsTests.a in Frameworks */,
			);
			runOnlyForDeploymentPostprocessing = 0;
		};
		8CE6BD931E0B59F2000D0CCE /* Frameworks */ = {
			isa = PBXFrameworksBuildPhase;
			buildActionMask = 2147483647;
			files = (
				0333D68384E7835E11920788 /* libPods-UCSDAthleticsUITests.a in Frameworks */,
			);
			runOnlyForDeploymentPostprocessing = 0;
		};
/* End PBXFrameworksBuildPhase section */

/* Begin PBXGroup section */
		04D1FC61B3B7631E158321FE /* Frameworks */ = {
			isa = PBXGroup;
			children = (
				8CAC0D681E13ABBB00ED94D8 /* libxml2.tbd */,
				CCB29964638AA481BC23E8C7 /* libPods-UCSDAthletics.a */,
				98BBF2F26A7E594A73063DB2 /* libPods-UCSDAthleticsTests.a */,
				E43D370F115E1506D9170203 /* libPods-UCSDAthleticsUITests.a */,
			);
			name = Frameworks;
			sourceTree = "<group>";
		};
		33BB2AAC3446C37B8B7C08E7 /* Pods */ = {
			isa = PBXGroup;
			children = (
				871D9E215394C762F72057A5 /* Pods-UCSDAthletics.debug.xcconfig */,
				A1C5E621BFF244DBF59A1B27 /* Pods-UCSDAthletics.release.xcconfig */,
				72A9A6A0D532FDB8DE8FEC2F /* Pods-UCSDAthleticsTests.debug.xcconfig */,
				449E51241A8E85C221B88D11 /* Pods-UCSDAthleticsTests.release.xcconfig */,
				0C0B0608BC99FC7AA0710C0C /* Pods-UCSDAthleticsUITests.debug.xcconfig */,
				8D681FC6043CA1B3B4A5CF84 /* Pods-UCSDAthleticsUITests.release.xcconfig */,
			);
			name = Pods;
			sourceTree = "<group>";
		};
		8CA7E4DF1E0D001C002D1995 /* App */ = {
			isa = PBXGroup;
			children = (
				8CE6BD781E0B59F2000D0CCE /* AppDelegate.h */,
				8CE6BD791E0B59F2000D0CCE /* AppDelegate.m */,
				8CE6BD7B1E0B59F2000D0CCE /* ViewController.h */,
				8CE6BD7C1E0B59F2000D0CCE /* ViewController.m */,
				8CE6BDC71E0BBFBB000D0CCE /* rosterViewController.h */,
				8CE6BDC81E0BBFBB000D0CCE /* rosterViewController.m */,
				8CE6BDC41E0B98C1000D0CCE /* playerProfileViewController.h */,
				8CAC0D5F1E139BFE00ED94D8 /* storyViewController.h */,
				8CAC0D601E139BFE00ED94D8 /* storyViewController.m */,
				8CE6BDC51E0B98C1000D0CCE /* playerProfileViewController.m */,
				8C4BD04B1E112A830093D129 /* standingsViewController.h */,
				8C4BD04C1E112A830093D129 /* standingsViewController.m */,
				8C4BD0991E1365290093D129 /* sportViewController.h */,
				8C4BD09A1E1365290093D129 /* sportViewController.m */,
			);
			name = App;
			sourceTree = "<group>";
		};
		8CE6BD691E0B59F1000D0CCE = {
			isa = PBXGroup;
			children = (
				8CE6BD741E0B59F2000D0CCE /* UCSDAthletics */,
				8CE6BD8E1E0B59F2000D0CCE /* UCSDAthleticsTests */,
				8CE6BD991E0B59F2000D0CCE /* UCSDAthleticsUITests */,
				8CE6BD731E0B59F1000D0CCE /* Products */,
				33BB2AAC3446C37B8B7C08E7 /* Pods */,
				04D1FC61B3B7631E158321FE /* Frameworks */,
			);
			sourceTree = "<group>";
		};
		8CE6BD731E0B59F1000D0CCE /* Products */ = {
			isa = PBXGroup;
			children = (
				8CE6BD721E0B59F1000D0CCE /* UCSDAthletics.app */,
				8CE6BD8B1E0B59F2000D0CCE /* UCSDAthleticsTests.xctest */,
				8CE6BD961E0B59F2000D0CCE /* UCSDAthleticsUITests.xctest */,
			);
			name = Products;
			sourceTree = "<group>";
		};
		8CE6BD741E0B59F2000D0CCE /* UCSDAthletics */ = {
			isa = PBXGroup;
			children = (
				8CE6BDBD1E0B88CF000D0CCE /* Parser */,
				8CA7E4DF1E0D001C002D1995 /* App */,
				8CE6BD811E0B59F2000D0CCE /* Assets.xcassets */,
				8CE6BD7E1E0B59F2000D0CCE /* Main.storyboard */,
				8CE6BD831E0B59F2000D0CCE /* LaunchScreen.storyboard */,
				8CE6BD861E0B59F2000D0CCE /* Info.plist */,
				8CE6BD751E0B59F2000D0CCE /* Supporting Files */,
			);
			path = UCSDAthletics;
			sourceTree = "<group>";
		};
		8CE6BD751E0B59F2000D0CCE /* Supporting Files */ = {
			isa = PBXGroup;
			children = (
				8CE6BD761E0B59F2000D0CCE /* main.m */,
			);
			name = "Supporting Files";
			sourceTree = "<group>";
		};
		8CE6BD8E1E0B59F2000D0CCE /* UCSDAthleticsTests */ = {
			isa = PBXGroup;
			children = (
				8CE6BD8F1E0B59F2000D0CCE /* UCSDAthleticsTests.m */,
				8CE6BD911E0B59F2000D0CCE /* Info.plist */,
			);
			path = UCSDAthleticsTests;
			sourceTree = "<group>";
		};
		8CE6BD991E0B59F2000D0CCE /* UCSDAthleticsUITests */ = {
			isa = PBXGroup;
			children = (
				8CE6BD9A1E0B59F2000D0CCE /* UCSDAthleticsUITests.m */,
				8CE6BD9C1E0B59F2000D0CCE /* Info.plist */,
			);
			path = UCSDAthleticsUITests;
			sourceTree = "<group>";
		};
		8CE6BDBD1E0B88CF000D0CCE /* Parser */ = {
			isa = PBXGroup;
			children = (
				8CAC0D621E13A69A00ED94D8 /* HTMLNode.h */,
				8CAC0D631E13A69A00ED94D8 /* HTMLNode.m */,
				8CAC0D641E13A69A00ED94D8 /* HTMLParser.h */,
				8CAC0D651E13A69A00ED94D8 /* HTMLParser.m */,
				8CE6BDB41E0B88BC000D0CCE /* playerProfile.h */,
				8CE6BDB51E0B88BC000D0CCE /* playerProfile.m */,
				8CE6BDB61E0B88BC000D0CCE /* roster.h */,
				8CE6BDB71E0B88BC000D0CCE /* roster.m */,
				8C9C84DC1E0CCAEE0087FDA7 /* bioParser.h */,
				8C9C84DD1E0CCAEE0087FDA7 /* bioParser.m */,
				8CE6BDB81E0B88BC000D0CCE /* statsParser.h */,
				8CE6BDB91E0B88BC000D0CCE /* statsParser.m */,
			);
			name = Parser;
			sourceTree = "<group>";
		};
/* End PBXGroup section */

/* Begin PBXNativeTarget section */
		8CE6BD711E0B59F1000D0CCE /* UCSDAthletics */ = {
			isa = PBXNativeTarget;
			buildConfigurationList = 8CE6BD9F1E0B59F2000D0CCE /* Build configuration list for PBXNativeTarget "UCSDAthletics" */;
			buildPhases = (
				8B04A29FE3240978676E94A1 /* [CP] Check Pods Manifest.lock */,
				8CE6BD6E1E0B59F1000D0CCE /* Sources */,
				8CE6BD6F1E0B59F1000D0CCE /* Frameworks */,
				8CE6BD701E0B59F1000D0CCE /* Resources */,
				43924C075D3B92327360E2B4 /* [CP] Embed Pods Frameworks */,
				4EA01FF38A238C3A58728662 /* [CP] Copy Pods Resources */,
			);
			buildRules = (
			);
			dependencies = (
			);
			name = UCSDAthletics;
			productName = UCSDAthletics;
			productReference = 8CE6BD721E0B59F1000D0CCE /* UCSDAthletics.app */;
			productType = "com.apple.product-type.application";
		};
		8CE6BD8A1E0B59F2000D0CCE /* UCSDAthleticsTests */ = {
			isa = PBXNativeTarget;
			buildConfigurationList = 8CE6BDA21E0B59F2000D0CCE /* Build configuration list for PBXNativeTarget "UCSDAthleticsTests" */;
			buildPhases = (
				D809BA47E6D92F25913BF12A /* [CP] Check Pods Manifest.lock */,
				8CE6BD871E0B59F2000D0CCE /* Sources */,
				8CE6BD881E0B59F2000D0CCE /* Frameworks */,
				8CE6BD891E0B59F2000D0CCE /* Resources */,
				0D7A27334AA6B5F1141497DE /* [CP] Embed Pods Frameworks */,
				4A9031FD0E6A0A7912844AD9 /* [CP] Copy Pods Resources */,
			);
			buildRules = (
			);
			dependencies = (
				8CE6BD8D1E0B59F2000D0CCE /* PBXTargetDependency */,
			);
			name = UCSDAthleticsTests;
			productName = UCSDAthleticsTests;
			productReference = 8CE6BD8B1E0B59F2000D0CCE /* UCSDAthleticsTests.xctest */;
			productType = "com.apple.product-type.bundle.unit-test";
		};
		8CE6BD951E0B59F2000D0CCE /* UCSDAthleticsUITests */ = {
			isa = PBXNativeTarget;
			buildConfigurationList = 8CE6BDA51E0B59F2000D0CCE /* Build configuration list for PBXNativeTarget "UCSDAthleticsUITests" */;
			buildPhases = (
				80AAB39AE672EFECF4C8534F /* [CP] Check Pods Manifest.lock */,
				8CE6BD921E0B59F2000D0CCE /* Sources */,
				8CE6BD931E0B59F2000D0CCE /* Frameworks */,
				8CE6BD941E0B59F2000D0CCE /* Resources */,
				50E7D4172BB575A6C46A720B /* [CP] Embed Pods Frameworks */,
				6DB133A892AB1333953C24ED /* [CP] Copy Pods Resources */,
			);
			buildRules = (
			);
			dependencies = (
				8CE6BD981E0B59F2000D0CCE /* PBXTargetDependency */,
			);
			name = UCSDAthleticsUITests;
			productName = UCSDAthleticsUITests;
			productReference = 8CE6BD961E0B59F2000D0CCE /* UCSDAthleticsUITests.xctest */;
			productType = "com.apple.product-type.bundle.ui-testing";
		};
/* End PBXNativeTarget section */

/* Begin PBXProject section */
		8CE6BD6A1E0B59F1000D0CCE /* Project object */ = {
			isa = PBXProject;
			attributes = {
				LastUpgradeCheck = 0730;
				ORGANIZATIONNAME = "Daniel Sung";
				TargetAttributes = {
					8CE6BD711E0B59F1000D0CCE = {
						CreatedOnToolsVersion = 7.3.1;
					};
					8CE6BD8A1E0B59F2000D0CCE = {
						CreatedOnToolsVersion = 7.3.1;
						TestTargetID = 8CE6BD711E0B59F1000D0CCE;
					};
					8CE6BD951E0B59F2000D0CCE = {
						CreatedOnToolsVersion = 7.3.1;
						TestTargetID = 8CE6BD711E0B59F1000D0CCE;
					};
				};
			};
			buildConfigurationList = 8CE6BD6D1E0B59F1000D0CCE /* Build configuration list for PBXProject "UCSDAthletics" */;
			compatibilityVersion = "Xcode 3.2";
			developmentRegion = English;
			hasScannedForEncodings = 0;
			knownRegions = (
				en,
				Base,
			);
			mainGroup = 8CE6BD691E0B59F1000D0CCE;
			productRefGroup = 8CE6BD731E0B59F1000D0CCE /* Products */;
			projectDirPath = "";
			projectRoot = "";
			targets = (
				8CE6BD711E0B59F1000D0CCE /* UCSDAthletics */,
				8CE6BD8A1E0B59F2000D0CCE /* UCSDAthleticsTests */,
				8CE6BD951E0B59F2000D0CCE /* UCSDAthleticsUITests */,
			);
		};
/* End PBXProject section */

/* Begin PBXResourcesBuildPhase section */
		8CE6BD701E0B59F1000D0CCE /* Resources */ = {
			isa = PBXResourcesBuildPhase;
			buildActionMask = 2147483647;
			files = (
				8CE6BD851E0B59F2000D0CCE /* LaunchScreen.storyboard in Resources */,
				8CE6BD821E0B59F2000D0CCE /* Assets.xcassets in Resources */,
				8CE6BD801E0B59F2000D0CCE /* Main.storyboard in Resources */,
			);
			runOnlyForDeploymentPostprocessing = 0;
		};
		8CE6BD891E0B59F2000D0CCE /* Resources */ = {
			isa = PBXResourcesBuildPhase;
			buildActionMask = 2147483647;
			files = (
			);
			runOnlyForDeploymentPostprocessing = 0;
		};
		8CE6BD941E0B59F2000D0CCE /* Resources */ = {
			isa = PBXResourcesBuildPhase;
			buildActionMask = 2147483647;
			files = (
			);
			runOnlyForDeploymentPostprocessing = 0;
		};
/* End PBXResourcesBuildPhase section */

/* Begin PBXShellScriptBuildPhase section */
		0D7A27334AA6B5F1141497DE /* [CP] Embed Pods Frameworks */ = {
			isa = PBXShellScriptBuildPhase;
			buildActionMask = 2147483647;
			files = (
			);
			inputPaths = (
			);
			name = "[CP] Embed Pods Frameworks";
			outputPaths = (
			);
			runOnlyForDeploymentPostprocessing = 0;
			shellPath = /bin/sh;
			shellScript = "\"${SRCROOT}/Pods/Target Support Files/Pods-UCSDAthleticsTests/Pods-UCSDAthleticsTests-frameworks.sh\"\n";
			showEnvVarsInLog = 0;
		};
		43924C075D3B92327360E2B4 /* [CP] Embed Pods Frameworks */ = {
			isa = PBXShellScriptBuildPhase;
			buildActionMask = 2147483647;
			files = (
			);
			inputPaths = (
			);
			name = "[CP] Embed Pods Frameworks";
			outputPaths = (
			);
			runOnlyForDeploymentPostprocessing = 0;
			shellPath = /bin/sh;
			shellScript = "\"${SRCROOT}/Pods/Target Support Files/Pods-UCSDAthletics/Pods-UCSDAthletics-frameworks.sh\"\n";
			showEnvVarsInLog = 0;
		};
		4A9031FD0E6A0A7912844AD9 /* [CP] Copy Pods Resources */ = {
			isa = PBXShellScriptBuildPhase;
			buildActionMask = 2147483647;
			files = (
			);
			inputPaths = (
			);
			name = "[CP] Copy Pods Resources";
			outputPaths = (
			);
			runOnlyForDeploymentPostprocessing = 0;
			shellPath = /bin/sh;
			shellScript = "\"${SRCROOT}/Pods/Target Support Files/Pods-UCSDAthleticsTests/Pods-UCSDAthleticsTests-resources.sh\"\n";
			showEnvVarsInLog = 0;
		};
		4EA01FF38A238C3A58728662 /* [CP] Copy Pods Resources */ = {
			isa = PBXShellScriptBuildPhase;
			buildActionMask = 2147483647;
			files = (
			);
			inputPaths = (
			);
			name = "[CP] Copy Pods Resources";
			outputPaths = (
			);
			runOnlyForDeploymentPostprocessing = 0;
			shellPath = /bin/sh;
			shellScript = "\"${SRCROOT}/Pods/Target Support Files/Pods-UCSDAthletics/Pods-UCSDAthletics-resources.sh\"\n";
			showEnvVarsInLog = 0;
		};
		50E7D4172BB575A6C46A720B /* [CP] Embed Pods Frameworks */ = {
			isa = PBXShellScriptBuildPhase;
			buildActionMask = 2147483647;
			files = (
			);
			inputPaths = (
			);
			name = "[CP] Embed Pods Frameworks";
			outputPaths = (
			);
			runOnlyForDeploymentPostprocessing = 0;
			shellPath = /bin/sh;
			shellScript = "\"${SRCROOT}/Pods/Target Support Files/Pods-UCSDAthleticsUITests/Pods-UCSDAthleticsUITests-frameworks.sh\"\n";
			showEnvVarsInLog = 0;
		};
		6DB133A892AB1333953C24ED /* [CP] Copy Pods Resources */ = {
			isa = PBXShellScriptBuildPhase;
			buildActionMask = 2147483647;
			files = (
			);
			inputPaths = (
			);
			name = "[CP] Copy Pods Resources";
			outputPaths = (
			);
			runOnlyForDeploymentPostprocessing = 0;
			shellPath = /bin/sh;
			shellScript = "\"${SRCROOT}/Pods/Target Support Files/Pods-UCSDAthleticsUITests/Pods-UCSDAthleticsUITests-resources.sh\"\n";
			showEnvVarsInLog = 0;
		};
		80AAB39AE672EFECF4C8534F /* [CP] Check Pods Manifest.lock */ = {
			isa = PBXShellScriptBuildPhase;
			buildActionMask = 2147483647;
			files = (
			);
			inputPaths = (
			);
			name = "[CP] Check Pods Manifest.lock";
			outputPaths = (
			);
			runOnlyForDeploymentPostprocessing = 0;
			shellPath = /bin/sh;
			shellScript = "diff \"${PODS_ROOT}/../Podfile.lock\" \"${PODS_ROOT}/Manifest.lock\" > /dev/null\nif [ $? != 0 ] ; then\n    # print error to STDERR\n    echo \"error: The sandbox is not in sync with the Podfile.lock. Run 'pod install' or update your CocoaPods installation.\" >&2\n    exit 1\nfi\n";
			showEnvVarsInLog = 0;
		};
		8B04A29FE3240978676E94A1 /* [CP] Check Pods Manifest.lock */ = {
			isa = PBXShellScriptBuildPhase;
			buildActionMask = 2147483647;
			files = (
			);
			inputPaths = (
			);
			name = "[CP] Check Pods Manifest.lock";
			outputPaths = (
			);
			runOnlyForDeploymentPostprocessing = 0;
			shellPath = /bin/sh;
			shellScript = "diff \"${PODS_ROOT}/../Podfile.lock\" \"${PODS_ROOT}/Manifest.lock\" > /dev/null\nif [ $? != 0 ] ; then\n    # print error to STDERR\n    echo \"error: The sandbox is not in sync with the Podfile.lock. Run 'pod install' or update your CocoaPods installation.\" >&2\n    exit 1\nfi\n";
			showEnvVarsInLog = 0;
		};
		D809BA47E6D92F25913BF12A /* [CP] Check Pods Manifest.lock */ = {
			isa = PBXShellScriptBuildPhase;
			buildActionMask = 2147483647;
			files = (
			);
			inputPaths = (
			);
			name = "[CP] Check Pods Manifest.lock";
			outputPaths = (
			);
			runOnlyForDeploymentPostprocessing = 0;
			shellPath = /bin/sh;
			shellScript = "diff \"${PODS_ROOT}/../Podfile.lock\" \"${PODS_ROOT}/Manifest.lock\" > /dev/null\nif [ $? != 0 ] ; then\n    # print error to STDERR\n    echo \"error: The sandbox is not in sync with the Podfile.lock. Run 'pod install' or update your CocoaPods installation.\" >&2\n    exit 1\nfi\n";
			showEnvVarsInLog = 0;
		};
/* End PBXShellScriptBuildPhase section */

/* Begin PBXSourcesBuildPhase section */
		8CE6BD6E1E0B59F1000D0CCE /* Sources */ = {
			isa = PBXSourcesBuildPhase;
			buildActionMask = 2147483647;
			files = (
				8CE6BDBB1E0B88BC000D0CCE /* roster.m in Sources */,
				8CE6BDBC1E0B88BC000D0CCE /* statsParser.m in Sources */,
				8CE6BD7D1E0B59F2000D0CCE /* ViewController.m in Sources */,
				8C4BD09B1E1365290093D129 /* sportViewController.m in Sources */,
				8CAC0D611E139BFE00ED94D8 /* storyViewController.m in Sources */,
				8CAC0D671E13A69A00ED94D8 /* HTMLParser.m in Sources */,
				8CE6BDC61E0B98C1000D0CCE /* playerProfileViewController.m in Sources */,
				8C4BD04D1E112A830093D129 /* standingsViewController.m in Sources */,
				8CE6BD7A1E0B59F2000D0CCE /* AppDelegate.m in Sources */,
				8CE6BD771E0B59F2000D0CCE /* main.m in Sources */,
				8CE6BDC91E0BBFBB000D0CCE /* rosterViewController.m in Sources */,
				8CAC0D661E13A69A00ED94D8 /* HTMLNode.m in Sources */,
				8CE6BDBA1E0B88BC000D0CCE /* playerProfile.m in Sources */,
				8C9C84DE1E0CCAEE0087FDA7 /* bioParser.m in Sources */,
			);
			runOnlyForDeploymentPostprocessing = 0;
		};
		8CE6BD871E0B59F2000D0CCE /* Sources */ = {
			isa = PBXSourcesBuildPhase;
			buildActionMask = 2147483647;
			files = (
				8CE6BD901E0B59F2000D0CCE /* UCSDAthleticsTests.m in Sources */,
			);
			runOnlyForDeploymentPostprocessing = 0;
		};
		8CE6BD921E0B59F2000D0CCE /* Sources */ = {
			isa = PBXSourcesBuildPhase;
			buildActionMask = 2147483647;
			files = (
				8CE6BD9B1E0B59F2000D0CCE /* UCSDAthleticsUITests.m in Sources */,
			);
			runOnlyForDeploymentPostprocessing = 0;
		};
/* End PBXSourcesBuildPhase section */

/* Begin PBXTargetDependency section */
		8CE6BD8D1E0B59F2000D0CCE /* PBXTargetDependency */ = {
			isa = PBXTargetDependency;
			target = 8CE6BD711E0B59F1000D0CCE /* UCSDAthletics */;
			targetProxy = 8CE6BD8C1E0B59F2000D0CCE /* PBXContainerItemProxy */;
		};
		8CE6BD981E0B59F2000D0CCE /* PBXTargetDependency */ = {
			isa = PBXTargetDependency;
			target = 8CE6BD711E0B59F1000D0CCE /* UCSDAthletics */;
			targetProxy = 8CE6BD971E0B59F2000D0CCE /* PBXContainerItemProxy */;
		};
/* End PBXTargetDependency section */

/* Begin PBXVariantGroup section */
		8CE6BD7E1E0B59F2000D0CCE /* Main.storyboard */ = {
			isa = PBXVariantGroup;
			children = (
				8CE6BD7F1E0B59F2000D0CCE /* Base */,
			);
			name = Main.storyboard;
			sourceTree = "<group>";
		};
		8CE6BD831E0B59F2000D0CCE /* LaunchScreen.storyboard */ = {
			isa = PBXVariantGroup;
			children = (
				8CE6BD841E0B59F2000D0CCE /* Base */,
			);
			name = LaunchScreen.storyboard;
			sourceTree = "<group>";
		};
/* End PBXVariantGroup section */

/* Begin XCBuildConfiguration section */
		8CE6BD9D1E0B59F2000D0CCE /* Debug */ = {
			isa = XCBuildConfiguration;
			buildSettings = {
				ALWAYS_SEARCH_USER_PATHS = NO;
				CLANG_ANALYZER_NONNULL = YES;
				CLANG_CXX_LANGUAGE_STANDARD = "gnu++0x";
				CLANG_CXX_LIBRARY = "libc++";
				CLANG_ENABLE_MODULES = YES;
				CLANG_ENABLE_OBJC_ARC = YES;
				CLANG_WARN_BOOL_CONVERSION = YES;
				CLANG_WARN_CONSTANT_CONVERSION = YES;
				CLANG_WARN_DIRECT_OBJC_ISA_USAGE = YES_ERROR;
				CLANG_WARN_EMPTY_BODY = YES;
				CLANG_WARN_ENUM_CONVERSION = YES;
				CLANG_WARN_INT_CONVERSION = YES;
				CLANG_WARN_OBJC_ROOT_CLASS = YES_ERROR;
				CLANG_WARN_UNREACHABLE_CODE = YES;
				CLANG_WARN__DUPLICATE_METHOD_MATCH = YES;
				"CODE_SIGN_IDENTITY[sdk=iphoneos*]" = "iPhone Developer";
				COPY_PHASE_STRIP = NO;
				DEBUG_INFORMATION_FORMAT = dwarf;
				ENABLE_STRICT_OBJC_MSGSEND = YES;
				ENABLE_TESTABILITY = YES;
				GCC_C_LANGUAGE_STANDARD = gnu99;
				GCC_DYNAMIC_NO_PIC = NO;
				GCC_NO_COMMON_BLOCKS = YES;
				GCC_OPTIMIZATION_LEVEL = 0;
				GCC_PREPROCESSOR_DEFINITIONS = (
					"DEBUG=1",
					"$(inherited)",
				);
				GCC_WARN_64_TO_32_BIT_CONVERSION = YES;
				GCC_WARN_ABOUT_RETURN_TYPE = YES_ERROR;
				GCC_WARN_UNDECLARED_SELECTOR = YES;
				GCC_WARN_UNINITIALIZED_AUTOS = YES_AGGRESSIVE;
				GCC_WARN_UNUSED_FUNCTION = YES;
				GCC_WARN_UNUSED_VARIABLE = YES;
				HEADER_SEARCH_PATHS = /usr/include/libxml2;
				IPHONEOS_DEPLOYMENT_TARGET = 9.3;
				MTL_ENABLE_DEBUG_INFO = YES;
				ONLY_ACTIVE_ARCH = YES;
				SDKROOT = iphoneos;
				TARGETED_DEVICE_FAMILY = "1,2";
			};
			name = Debug;
		};
		8CE6BD9E1E0B59F2000D0CCE /* Release */ = {
			isa = XCBuildConfiguration;
			buildSettings = {
				ALWAYS_SEARCH_USER_PATHS = NO;
				CLANG_ANALYZER_NONNULL = YES;
				CLANG_CXX_LANGUAGE_STANDARD = "gnu++0x";
				CLANG_CXX_LIBRARY = "libc++";
				CLANG_ENABLE_MODULES = YES;
				CLANG_ENABLE_OBJC_ARC = YES;
				CLANG_WARN_BOOL_CONVERSION = YES;
				CLANG_WARN_CONSTANT_CONVERSION = YES;
				CLANG_WARN_DIRECT_OBJC_ISA_USAGE = YES_ERROR;
				CLANG_WARN_EMPTY_BODY = YES;
				CLANG_WARN_ENUM_CONVERSION = YES;
				CLANG_WARN_INT_CONVERSION = YES;
				CLANG_WARN_OBJC_ROOT_CLASS = YES_ERROR;
				CLANG_WARN_UNREACHABLE_CODE = YES;
				CLANG_WARN__DUPLICATE_METHOD_MATCH = YES;
				"CODE_SIGN_IDENTITY[sdk=iphoneos*]" = "iPhone Developer";
				COPY_PHASE_STRIP = NO;
				DEBUG_INFORMATION_FORMAT = "dwarf-with-dsym";
				ENABLE_NS_ASSERTIONS = NO;
				ENABLE_STRICT_OBJC_MSGSEND = YES;
				GCC_C_LANGUAGE_STANDARD = gnu99;
				GCC_NO_COMMON_BLOCKS = YES;
				GCC_WARN_64_TO_32_BIT_CONVERSION = YES;
				GCC_WARN_ABOUT_RETURN_TYPE = YES_ERROR;
				GCC_WARN_UNDECLARED_SELECTOR = YES;
				GCC_WARN_UNINITIALIZED_AUTOS = YES_AGGRESSIVE;
				GCC_WARN_UNUSED_FUNCTION = YES;
				GCC_WARN_UNUSED_VARIABLE = YES;
				HEADER_SEARCH_PATHS = /usr/include/libxml2;
				IPHONEOS_DEPLOYMENT_TARGET = 9.3;
				MTL_ENABLE_DEBUG_INFO = NO;
				SDKROOT = iphoneos;
				TARGETED_DEVICE_FAMILY = "1,2";
				VALIDATE_PRODUCT = YES;
			};
			name = Release;
		};
		8CE6BDA01E0B59F2000D0CCE /* Debug */ = {
			isa = XCBuildConfiguration;
			baseConfigurationReference = 871D9E215394C762F72057A5 /* Pods-UCSDAthletics.debug.xcconfig */;
			buildSettings = {
				ASSETCATALOG_COMPILER_APPICON_NAME = AppIcon;
				CODE_SIGN_IDENTITY = "iPhone Developer";
				INFOPLIST_FILE = UCSDAthletics/Info.plist;
				LD_RUNPATH_SEARCH_PATHS = "$(inherited) @executable_path/Frameworks";
				PRODUCT_BUNDLE_IDENTIFIER = "Daniel-Sung.UCSDAthletics";
				PRODUCT_NAME = "$(TARGET_NAME)";
			};
			name = Debug;
		};
		8CE6BDA11E0B59F2000D0CCE /* Release */ = {
			isa = XCBuildConfiguration;
			baseConfigurationReference = A1C5E621BFF244DBF59A1B27 /* Pods-UCSDAthletics.release.xcconfig */;
			buildSettings = {
				ASSETCATALOG_COMPILER_APPICON_NAME = AppIcon;
				CODE_SIGN_IDENTITY = "iPhone Developer";
				INFOPLIST_FILE = UCSDAthletics/Info.plist;
				LD_RUNPATH_SEARCH_PATHS = "$(inherited) @executable_path/Frameworks";
				PRODUCT_BUNDLE_IDENTIFIER = "Daniel-Sung.UCSDAthletics";
				PRODUCT_NAME = "$(TARGET_NAME)";
			};
			name = Release;
		};
		8CE6BDA31E0B59F2000D0CCE /* Debug */ = {
			isa = XCBuildConfiguration;
			baseConfigurationReference = 72A9A6A0D532FDB8DE8FEC2F /* Pods-UCSDAthleticsTests.debug.xcconfig */;
			buildSettings = {
				BUNDLE_LOADER = "$(TEST_HOST)";
				INFOPLIST_FILE = UCSDAthleticsTests/Info.plist;
				LD_RUNPATH_SEARCH_PATHS = "$(inherited) @executable_path/Frameworks @loader_path/Frameworks";
				PRODUCT_BUNDLE_IDENTIFIER = "Daniel-Sung.UCSDAthleticsTests";
				PRODUCT_NAME = "$(TARGET_NAME)";
				TEST_HOST = "$(BUILT_PRODUCTS_DIR)/UCSDAthletics.app/UCSDAthletics";
			};
			name = Debug;
		};
		8CE6BDA41E0B59F2000D0CCE /* Release */ = {
			isa = XCBuildConfiguration;
			baseConfigurationReference = 449E51241A8E85C221B88D11 /* Pods-UCSDAthleticsTests.release.xcconfig */;
			buildSettings = {
				BUNDLE_LOADER = "$(TEST_HOST)";
				INFOPLIST_FILE = UCSDAthleticsTests/Info.plist;
				LD_RUNPATH_SEARCH_PATHS = "$(inherited) @executable_path/Frameworks @loader_path/Frameworks";
				PRODUCT_BUNDLE_IDENTIFIER = "Daniel-Sung.UCSDAthleticsTests";
				PRODUCT_NAME = "$(TARGET_NAME)";
				TEST_HOST = "$(BUILT_PRODUCTS_DIR)/UCSDAthletics.app/UCSDAthletics";
			};
			name = Release;
		};
		8CE6BDA61E0B59F2000D0CCE /* Debug */ = {
			isa = XCBuildConfiguration;
			baseConfigurationReference = 0C0B0608BC99FC7AA0710C0C /* Pods-UCSDAthleticsUITests.debug.xcconfig */;
			buildSettings = {
				INFOPLIST_FILE = UCSDAthleticsUITests/Info.plist;
				LD_RUNPATH_SEARCH_PATHS = "$(inherited) @executable_path/Frameworks @loader_path/Frameworks";
				PRODUCT_BUNDLE_IDENTIFIER = "Daniel-Sung.UCSDAthleticsUITests";
				PRODUCT_NAME = "$(TARGET_NAME)";
				TEST_TARGET_NAME = UCSDAthletics;
			};
			name = Debug;
		};
		8CE6BDA71E0B59F2000D0CCE /* Release */ = {
			isa = XCBuildConfiguration;
			baseConfigurationReference = 8D681FC6043CA1B3B4A5CF84 /* Pods-UCSDAthleticsUITests.release.xcconfig */;
			buildSettings = {
				INFOPLIST_FILE = UCSDAthleticsUITests/Info.plist;
				LD_RUNPATH_SEARCH_PATHS = "$(inherited) @executable_path/Frameworks @loader_path/Frameworks";
				PRODUCT_BUNDLE_IDENTIFIER = "Daniel-Sung.UCSDAthleticsUITests";
				PRODUCT_NAME = "$(TARGET_NAME)";
				TEST_TARGET_NAME = UCSDAthletics;
			};
			name = Release;
		};
/* End XCBuildConfiguration section */

/* Begin XCConfigurationList section */
		8CE6BD6D1E0B59F1000D0CCE /* Build configuration list for PBXProject "UCSDAthletics" */ = {
			isa = XCConfigurationList;
			buildConfigurations = (
				8CE6BD9D1E0B59F2000D0CCE /* Debug */,
				8CE6BD9E1E0B59F2000D0CCE /* Release */,
			);
			defaultConfigurationIsVisible = 0;
			defaultConfigurationName = Release;
		};
		8CE6BD9F1E0B59F2000D0CCE /* Build configuration list for PBXNativeTarget "UCSDAthletics" */ = {
			isa = XCConfigurationList;
			buildConfigurations = (
				8CE6BDA01E0B59F2000D0CCE /* Debug */,
				8CE6BDA11E0B59F2000D0CCE /* Release */,
			);
			defaultConfigurationIsVisible = 0;
			defaultConfigurationName = Release;
		};
		8CE6BDA21E0B59F2000D0CCE /* Build configuration list for PBXNativeTarget "UCSDAthleticsTests" */ = {
			isa = XCConfigurationList;
			buildConfigurations = (
				8CE6BDA31E0B59F2000D0CCE /* Debug */,
				8CE6BDA41E0B59F2000D0CCE /* Release */,
			);
			defaultConfigurationIsVisible = 0;
			defaultConfigurationName = Release;
		};
		8CE6BDA51E0B59F2000D0CCE /* Build configuration list for PBXNativeTarget "UCSDAthleticsUITests" */ = {
			isa = XCConfigurationList;
			buildConfigurations = (
				8CE6BDA61E0B59F2000D0CCE /* Debug */,
				8CE6BDA71E0B59F2000D0CCE /* Release */,
			);
			defaultConfigurationIsVisible = 0;
			defaultConfigurationName = Release;
		};
/* End XCConfigurationList section */
	};
	rootObject = 8CE6BD6A1E0B59F1000D0CCE /* Project object */;
}
